
Microsoft Visual Studio Solution File, Format Version 12.00
# Visual Studio 15
VisualStudioVersion = 15.0.28307.421
MinimumVisualStudioVersion = 10.0.40219.1
Project("{FAE04EC0-301F-11D3-BF4B-00C04F79EFBC}") = "AutoTracker", "AutoTracker\AutoTracker.csproj", "{05BAAFD3-397F-44BA-A556-244979CA84FC}"
EndProject
Global
	GlobalSection(SolutionConfigurationPlatforms) = preSolution
		Debug|Any CPU = Debug|Any CPU
		Release|Any CPU = Release|Any CPU
	EndGlobalSection
	GlobalSection(ProjectConfigurationPlatforms) = postSolution
		{05BAAFD3-397F-44BA-A556-244979CA84FC}.Debug|Any CPU.ActiveCfg = Debug|Any CPU
		{05BAAFD3-397F-44BA-A556-244979CA84FC}.Debug|Any CPU.Build.0 = Debug|Any CPU
		{05BAAFD3-397F-44BA-A556-244979CA84FC}.Release|Any CPU.ActiveCfg = Release|Any CPU
		{05BAAFD3-397F-44BA-A556-244979CA84FC}.Release|Any CPU.Build.0 = Release|Any CPU
	EndGlobalSection
	GlobalSection(SolutionProperties) = preSolution
		HideSolutionNode = FALSE
	EndGlobalSection
	GlobalSection(ExtensibilityGlobals) = postSolution
		SolutionGuid = {1577D7D9-8141-4D9D-9895-91F56CAAF871}
	EndGlobalSection
EndGlobal
